# THIS IS AN AUTOGENERATED FILE. DO NOT EDIT THIS FILE DIRECTLY.
# yarn lockfile v1


"@ethersproject/abi@5.4.0", "@ethersproject/abi@^5.4.0":
  version "5.4.0"
  resolved "https://registry.yarnpkg.com/@ethersproject/abi/-/abi-5.4.0.tgz#a6d63bdb3672f738398846d4279fa6b6c9818242"
  integrity sha512-9gU2H+/yK1j2eVMdzm6xvHSnMxk8waIHQGYCZg5uvAyH0rsAzxkModzBSpbAkAuhKFEovC2S9hM4nPuLym8IZw==
  dependencies:
    "@ethersproject/address" "^5.4.0"
    "@ethersproject/bignumber" "^5.4.0"
    "@ethersproject/bytes" "^5.4.0"
    "@ethersproject/constants" "^5.4.0"
    "@ethersproject/hash" "^5.4.0"
    "@ethersproject/keccak256" "^5.4.0"
    "@ethersproject/logger" "^5.4.0"
    "@ethersproject/properties" "^5.4.0"
    "@ethersproject/strings" "^5.4.0"

"@ethersproject/abstract-provider@5.4.1", "@ethersproject/abstract-provider@^5.4.0":
  version "5.4.1"
  resolved "https://registry.yarnpkg.com/@ethersproject/abstract-provider/-/abstract-provider-5.4.1.tgz#e404309a29f771bd4d28dbafadcaa184668c2a6e"
  integrity sha512-3EedfKI3LVpjSKgAxoUaI+gB27frKsxzm+r21w9G60Ugk+3wVLQwhi1LsEJAKNV7WoZc8CIpNrATlL1QFABjtQ==
  dependencies:
    "@ethersproject/bignumber" "^5.4.0"
    "@ethersproject/bytes" "^5.4.0"
    "@ethersproject/logger" "^5.4.0"
    "@ethersproject/networks" "^5.4.0"
    "@ethersproject/properties" "^5.4.0"
    "@ethersproject/transactions" "^5.4.0"
    "@ethersproject/web" "^5.4.0"

"@ethersproject/abstract-signer@5.4.1", "@ethersproject/abstract-signer@^5.4.0":
  version "5.4.1"
  resolved "https://registry.yarnpkg.com/@ethersproject/abstract-signer/-/abstract-signer-5.4.1.tgz#e4e9abcf4dd4f1ba0db7dff9746a5f78f355ea81"
  integrity sha512-SkkFL5HVq1k4/25dM+NWP9MILgohJCgGv5xT5AcRruGz4ILpfHeBtO/y6j+Z3UN/PAjDeb4P7E51Yh8wcGNLGA==
  dependencies:
    "@ethersproject/abstract-provider" "^5.4.0"
    "@ethersproject/bignumber" "^5.4.0"
    "@ethersproject/bytes" "^5.4.0"
    "@ethersproject/logger" "^5.4.0"
    "@ethersproject/properties" "^5.4.0"

"@ethersproject/address@5.4.0", "@ethersproject/address@^5.4.0":
  version "5.4.0"
  resolved "https://registry.yarnpkg.com/@ethersproject/address/-/address-5.4.0.tgz#ba2d00a0f8c4c0854933b963b9a3a9f6eb4a37a3"
  integrity sha512-SD0VgOEkcACEG/C6xavlU1Hy3m5DGSXW3CUHkaaEHbAPPsgi0coP5oNPsxau8eTlZOk/bpa/hKeCNoK5IzVI2Q==
  dependencies:
    "@ethersproject/bignumber" "^5.4.0"
    "@ethersproject/bytes" "^5.4.0"
    "@ethersproject/keccak256" "^5.4.0"
    "@ethersproject/logger" "^5.4.0"
    "@ethersproject/rlp" "^5.4.0"

"@ethersproject/base64@5.4.0", "@ethersproject/base64@^5.4.0":
  version "5.4.0"
  resolved "https://registry.yarnpkg.com/@ethersproject/base64/-/base64-5.4.0.tgz#7252bf65295954c9048c7ca5f43e5c86441b2a9a"
  integrity sha512-CjQw6E17QDSSC5jiM9YpF7N1aSCHmYGMt9bWD8PWv6YPMxjsys2/Q8xLrROKI3IWJ7sFfZ8B3flKDTM5wlWuZQ==
  dependencies:
    "@ethersproject/bytes" "^5.4.0"

"@ethersproject/basex@5.4.0", "@ethersproject/basex@^5.4.0":
  version "5.4.0"
  resolved "https://registry.yarnpkg.com/@ethersproject/basex/-/basex-5.4.0.tgz#0a2da0f4e76c504a94f2b21d3161ed9438c7f8a6"
  integrity sha512-J07+QCVJ7np2bcpxydFVf/CuYo9mZ7T73Pe7KQY4c1lRlrixMeblauMxHXD0MPwFmUHZIILDNViVkykFBZylbg==
  dependencies:
    "@ethersproject/bytes" "^5.4.0"
    "@ethersproject/properties" "^5.4.0"

"@ethersproject/bignumber@5.4.1", "@ethersproject/bignumber@^5.4.0":
  version "5.4.1"
  resolved "https://registry.yarnpkg.com/@ethersproject/bignumber/-/bignumber-5.4.1.tgz#64399d3b9ae80aa83d483e550ba57ea062c1042d"
  integrity sha512-fJhdxqoQNuDOk6epfM7yD6J8Pol4NUCy1vkaGAkuujZm0+lNow//MKu1hLhRiYV4BsOHyBv5/lsTjF+7hWwhJg==
  dependencies:
    "@ethersproject/bytes" "^5.4.0"
    "@ethersproject/logger" "^5.4.0"
    bn.js "^4.11.9"

"@ethersproject/bytes@5.4.0", "@ethersproject/bytes@^5.4.0":
  version "5.4.0"
  resolved "https://registry.yarnpkg.com/@ethersproject/bytes/-/bytes-5.4.0.tgz#56fa32ce3bf67153756dbaefda921d1d4774404e"
  integrity sha512-H60ceqgTHbhzOj4uRc/83SCN9d+BSUnOkrr2intevqdtEMO1JFVZ1XL84OEZV+QjV36OaZYxtnt4lGmxcGsPfA==
  dependencies:
    "@ethersproject/logger" "^5.4.0"

"@ethersproject/constants@5.4.0", "@ethersproject/constants@^5.4.0":
  version "5.4.0"
  resolved "https://registry.yarnpkg.com/@ethersproject/constants/-/constants-5.4.0.tgz#ee0bdcb30bf1b532d2353c977bf2ef1ee117958a"
  integrity sha512-tzjn6S7sj9+DIIeKTJLjK9WGN2Tj0P++Z8ONEIlZjyoTkBuODN+0VfhAyYksKi43l1Sx9tX2VlFfzjfmr5Wl3Q==
  dependencies:
    "@ethersproject/bignumber" "^5.4.0"

"@ethersproject/contracts@5.4.1":
  version "5.4.1"
  resolved "https://registry.yarnpkg.com/@ethersproject/contracts/-/contracts-5.4.1.tgz#3eb4f35b7fe60a962a75804ada2746494df3e470"
  integrity sha512-m+z2ZgPy4pyR15Je//dUaymRUZq5MtDajF6GwFbGAVmKz/RF+DNIPwF0k5qEcL3wPGVqUjFg2/krlCRVTU4T5w==
  dependencies:
    "@ethersproject/abi" "^5.4.0"
    "@ethersproject/abstract-provider" "^5.4.0"
    "@ethersproject/abstract-signer" "^5.4.0"
    "@ethersproject/address" "^5.4.0"
    "@ethersproject/bignumber" "^5.4.0"
    "@ethersproject/bytes" "^5.4.0"
    "@ethersproject/constants" "^5.4.0"
    "@ethersproject/logger" "^5.4.0"
    "@ethersproject/properties" "^5.4.0"
    "@ethersproject/transactions" "^5.4.0"

"@ethersproject/hash@5.4.0", "@ethersproject/hash@^5.4.0":
  version "5.4.0"
  resolved "https://registry.yarnpkg.com/@ethersproject/hash/-/hash-5.4.0.tgz#d18a8e927e828e22860a011f39e429d388344ae0"
  integrity sha512-xymAM9tmikKgbktOCjW60Z5sdouiIIurkZUr9oW5NOex5uwxrbsYG09kb5bMcNjlVeJD3yPivTNzViIs1GCbqA==
  dependencies:
    "@ethersproject/abstract-signer" "^5.4.0"
    "@ethersproject/address" "^5.4.0"
    "@ethersproject/bignumber" "^5.4.0"
    "@ethersproject/bytes" "^5.4.0"
    "@ethersproject/keccak256" "^5.4.0"
    "@ethersproject/logger" "^5.4.0"
    "@ethersproject/properties" "^5.4.0"
    "@ethersproject/strings" "^5.4.0"

"@ethersproject/hdnode@5.4.0", "@ethersproject/hdnode@^5.4.0":
  version "5.4.0"
  resolved "https://registry.yarnpkg.com/@ethersproject/hdnode/-/hdnode-5.4.0.tgz#4bc9999b9a12eb5ce80c5faa83114a57e4107cac"
  integrity sha512-pKxdS0KAaeVGfZPp1KOiDLB0jba11tG6OP1u11QnYfb7pXn6IZx0xceqWRr6ygke8+Kw74IpOoSi7/DwANhy8Q==
  dependencies:
    "@ethersproject/abstract-signer" "^5.4.0"
    "@ethersproject/basex" "^5.4.0"
    "@ethersproject/bignumber" "^5.4.0"
    "@ethersproject/bytes" "^5.4.0"
    "@ethersproject/logger" "^5.4.0"
    "@ethersproject/pbkdf2" "^5.4.0"
    "@ethersproject/properties" "^5.4.0"
    "@ethersproject/sha2" "^5.4.0"
    "@ethersproject/signing-key" "^5.4.0"
    "@ethersproject/strings" "^5.4.0"
    "@ethersproject/transactions" "^5.4.0"
    "@ethersproject/wordlists" "^5.4.0"

"@ethersproject/json-wallets@5.4.0", "@ethersproject/json-wallets@^5.4.0":
  version "5.4.0"
  resolved "https://registry.yarnpkg.com/@ethersproject/json-wallets/-/json-wallets-5.4.0.tgz#2583341cfe313fc9856642e8ace3080154145e95"
  integrity sha512-igWcu3fx4aiczrzEHwG1xJZo9l1cFfQOWzTqwRw/xcvxTk58q4f9M7cjh51EKphMHvrJtcezJ1gf1q1AUOfEQQ==
  dependencies:
    "@ethersproject/abstract-signer" "^5.4.0"
    "@ethersproject/address" "^5.4.0"
    "@ethersproject/bytes" "^5.4.0"
    "@ethersproject/hdnode" "^5.4.0"
    "@ethersproject/keccak256" "^5.4.0"
    "@ethersproject/logger" "^5.4.0"
    "@ethersproject/pbkdf2" "^5.4.0"
    "@ethersproject/properties" "^5.4.0"
    "@ethersproject/random" "^5.4.0"
    "@ethersproject/strings" "^5.4.0"
    "@ethersproject/transactions" "^5.4.0"
    aes-js "3.0.0"
    scrypt-js "3.0.1"

"@ethersproject/keccak256@5.4.0", "@ethersproject/keccak256@^5.4.0":
  version "5.4.0"
  resolved "https://registry.yarnpkg.com/@ethersproject/keccak256/-/keccak256-5.4.0.tgz#7143b8eea4976080241d2bd92e3b1f1bf7025318"
  integrity sha512-FBI1plWet+dPUvAzPAeHzRKiPpETQzqSUWR1wXJGHVWi4i8bOSrpC3NwpkPjgeXG7MnugVc1B42VbfnQikyC/A==
  dependencies:
    "@ethersproject/bytes" "^5.4.0"
    js-sha3 "0.5.7"

"@ethersproject/logger@5.4.0", "@ethersproject/logger@^5.4.0":
  version "5.4.0"
  resolved "https://registry.yarnpkg.com/@ethersproject/logger/-/logger-5.4.0.tgz#f39adadf62ad610c420bcd156fd41270e91b3ca9"
  integrity sha512-xYdWGGQ9P2cxBayt64d8LC8aPFJk6yWCawQi/4eJ4+oJdMMjEBMrIcIMZ9AxhwpPVmnBPrsB10PcXGmGAqgUEQ==

"@ethersproject/networks@5.4.2", "@ethersproject/networks@^5.4.0":
  version "5.4.2"
  resolved "https://registry.yarnpkg.com/@ethersproject/networks/-/networks-5.4.2.tgz#2247d977626e97e2c3b8ee73cd2457babde0ce35"
  integrity sha512-eekOhvJyBnuibfJnhtK46b8HimBc5+4gqpvd1/H9LEl7Q7/qhsIhM81dI9Fcnjpk3jB1aTy6bj0hz3cifhNeYw==
  dependencies:
    "@ethersproject/logger" "^5.4.0"

"@ethersproject/pbkdf2@5.4.0", "@ethersproject/pbkdf2@^5.4.0":
  version "5.4.0"
  resolved "https://registry.yarnpkg.com/@ethersproject/pbkdf2/-/pbkdf2-5.4.0.tgz#ed88782a67fda1594c22d60d0ca911a9d669641c"
  integrity sha512-x94aIv6tiA04g6BnazZSLoRXqyusawRyZWlUhKip2jvoLpzJuLb//KtMM6PEovE47pMbW+Qe1uw+68ameJjB7g==
  dependencies:
    "@ethersproject/bytes" "^5.4.0"
    "@ethersproject/sha2" "^5.4.0"

"@ethersproject/properties@5.4.0", "@ethersproject/properties@^5.4.0":
  version "5.4.0"
  resolved "https://registry.yarnpkg.com/@ethersproject/properties/-/properties-5.4.0.tgz#38ba20539b44dcc5d5f80c45ad902017dcdbefe7"
  integrity sha512-7jczalGVRAJ+XSRvNA6D5sAwT4gavLq3OXPuV/74o3Rd2wuzSL035IMpIMgei4CYyBdialJMrTqkOnzccLHn4A==
  dependencies:
    "@ethersproject/logger" "^5.4.0"

"@ethersproject/providers@5.4.3":
  version "5.4.3"
  resolved "https://registry.yarnpkg.com/@ethersproject/providers/-/providers-5.4.3.tgz#4cd7ccd9e12bc3875b33df8b24abf735663958a5"
  integrity sha512-VURwkaWPoUj7jq9NheNDT5Iyy64Qcyf6BOFDwVdHsmLmX/5prNjFrgSX3GHPE4z1BRrVerDxe2yayvXKFm/NNg==
  dependencies:
    "@ethersproject/abstract-provider" "^5.4.0"
    "@ethersproject/abstract-signer" "^5.4.0"
    "@ethersproject/address" "^5.4.0"
    "@ethersproject/basex" "^5.4.0"
    "@ethersproject/bignumber" "^5.4.0"
    "@ethersproject/bytes" "^5.4.0"
    "@ethersproject/constants" "^5.4.0"
    "@ethersproject/hash" "^5.4.0"
    "@ethersproject/logger" "^5.4.0"
    "@ethersproject/networks" "^5.4.0"
    "@ethersproject/properties" "^5.4.0"
    "@ethersproject/random" "^5.4.0"
    "@ethersproject/rlp" "^5.4.0"
    "@ethersproject/sha2" "^5.4.0"
    "@ethersproject/strings" "^5.4.0"
    "@ethersproject/transactions" "^5.4.0"
    "@ethersproject/web" "^5.4.0"
    bech32 "1.1.4"
    ws "7.4.6"

"@ethersproject/random@5.4.0", "@ethersproject/random@^5.4.0":
  version "5.4.0"
  resolved "https://registry.yarnpkg.com/@ethersproject/random/-/random-5.4.0.tgz#9cdde60e160d024be39cc16f8de3b9ce39191e16"
  integrity sha512-pnpWNQlf0VAZDEOVp1rsYQosmv2o0ITS/PecNw+mS2/btF8eYdspkN0vIXrCMtkX09EAh9bdk8GoXmFXM1eAKw==
  dependencies:
    "@ethersproject/bytes" "^5.4.0"
    "@ethersproject/logger" "^5.4.0"

"@ethersproject/rlp@5.4.0", "@ethersproject/rlp@^5.4.0":
  version "5.4.0"
  resolved "https://registry.yarnpkg.com/@ethersproject/rlp/-/rlp-5.4.0.tgz#de61afda5ff979454e76d3b3310a6c32ad060931"
  integrity sha512-0I7MZKfi+T5+G8atId9QaQKHRvvasM/kqLyAH4XxBCBchAooH2EX5rL9kYZWwcm3awYV+XC7VF6nLhfeQFKVPg==
  dependencies:
    "@ethersproject/bytes" "^5.4.0"
    "@ethersproject/logger" "^5.4.0"

"@ethersproject/sha2@5.4.0", "@ethersproject/sha2@^5.4.0":
  version "5.4.0"
  resolved "https://registry.yarnpkg.com/@ethersproject/sha2/-/sha2-5.4.0.tgz#c9a8db1037014cbc4e9482bd662f86c090440371"
  integrity sha512-siheo36r1WD7Cy+bDdE1BJ8y0bDtqXCOxRMzPa4bV1TGt/eTUUt03BHoJNB6reWJD8A30E/pdJ8WFkq+/uz4Gg==
  dependencies:
    "@ethersproject/bytes" "^5.4.0"
    "@ethersproject/logger" "^5.4.0"
    hash.js "1.1.7"

"@ethersproject/signing-key@5.4.0", "@ethersproject/signing-key@^5.4.0":
  version "5.4.0"
  resolved "https://registry.yarnpkg.com/@ethersproject/signing-key/-/signing-key-5.4.0.tgz#2f05120984e81cf89a3d5f6dec5c68ee0894fbec"
  integrity sha512-q8POUeywx6AKg2/jX9qBYZIAmKSB4ubGXdQ88l40hmATj29JnG5pp331nAWwwxPn2Qao4JpWHNZsQN+bPiSW9A==
  dependencies:
    "@ethersproject/bytes" "^5.4.0"
    "@ethersproject/logger" "^5.4.0"
    "@ethersproject/properties" "^5.4.0"
    bn.js "^4.11.9"
    elliptic "6.5.4"
    hash.js "1.1.7"

"@ethersproject/solidity@5.4.0":
  version "5.4.0"
  resolved "https://registry.yarnpkg.com/@ethersproject/solidity/-/solidity-5.4.0.tgz#1305e058ea02dc4891df18b33232b11a14ece9ec"
  integrity sha512-XFQTZ7wFSHOhHcV1DpcWj7VXECEiSrBuv7JErJvB9Uo+KfCdc3QtUZV+Vjh/AAaYgezUEKbCtE6Khjm44seevQ==
  dependencies:
    "@ethersproject/bignumber" "^5.4.0"
    "@ethersproject/bytes" "^5.4.0"
    "@ethersproject/keccak256" "^5.4.0"
    "@ethersproject/sha2" "^5.4.0"
    "@ethersproject/strings" "^5.4.0"

"@ethersproject/strings@5.4.0", "@ethersproject/strings@^5.4.0":
  version "5.4.0"
  resolved "https://registry.yarnpkg.com/@ethersproject/strings/-/strings-5.4.0.tgz#fb12270132dd84b02906a8d895ae7e7fa3d07d9a"
  integrity sha512-k/9DkH5UGDhv7aReXLluFG5ExurwtIpUfnDNhQA29w896Dw3i4uDTz01Quaptbks1Uj9kI8wo9tmW73wcIEaWA==
  dependencies:
    "@ethersproject/bytes" "^5.4.0"
    "@ethersproject/constants" "^5.4.0"
    "@ethersproject/logger" "^5.4.0"

"@ethersproject/transactions@5.4.0", "@ethersproject/transactions@^5.4.0":
  version "5.4.0"
  resolved "https://registry.yarnpkg.com/@ethersproject/transactions/-/transactions-5.4.0.tgz#a159d035179334bd92f340ce0f77e83e9e1522e0"
  integrity sha512-s3EjZZt7xa4BkLknJZ98QGoIza94rVjaEed0rzZ/jB9WrIuu/1+tjvYCWzVrystXtDswy7TPBeIepyXwSYa4WQ==
  dependencies:
    "@ethersproject/address" "^5.4.0"
    "@ethersproject/bignumber" "^5.4.0"
    "@ethersproject/bytes" "^5.4.0"
    "@ethersproject/constants" "^5.4.0"
    "@ethersproject/keccak256" "^5.4.0"
    "@ethersproject/logger" "^5.4.0"
    "@ethersproject/properties" "^5.4.0"
    "@ethersproject/rlp" "^5.4.0"
    "@ethersproject/signing-key" "^5.4.0"

"@ethersproject/units@5.4.0":
  version "5.4.0"
  resolved "https://registry.yarnpkg.com/@ethersproject/units/-/units-5.4.0.tgz#d57477a4498b14b88b10396062c8cbbaf20c79fe"
  integrity sha512-Z88krX40KCp+JqPCP5oPv5p750g+uU6gopDYRTBGcDvOASh6qhiEYCRatuM/suC4S2XW9Zz90QI35MfSrTIaFg==
  dependencies:
    "@ethersproject/bignumber" "^5.4.0"
    "@ethersproject/constants" "^5.4.0"
    "@ethersproject/logger" "^5.4.0"

"@ethersproject/wallet@5.4.0":
  version "5.4.0"
  resolved "https://registry.yarnpkg.com/@ethersproject/wallet/-/wallet-5.4.0.tgz#fa5b59830b42e9be56eadd45a16a2e0933ad9353"
  integrity sha512-wU29majLjM6AjCjpat21mPPviG+EpK7wY1+jzKD0fg3ui5fgedf2zEu1RDgpfIMsfn8fJHJuzM4zXZ2+hSHaSQ==
  dependencies:
    "@ethersproject/abstract-provider" "^5.4.0"
    "@ethersproject/abstract-signer" "^5.4.0"
    "@ethersproject/address" "^5.4.0"
    "@ethersproject/bignumber" "^5.4.0"
    "@ethersproject/bytes" "^5.4.0"
    "@ethersproject/hash" "^5.4.0"
    "@ethersproject/hdnode" "^5.4.0"
    "@ethersproject/json-wallets" "^5.4.0"
    "@ethersproject/keccak256" "^5.4.0"
    "@ethersproject/logger" "^5.4.0"
    "@ethersproject/properties" "^5.4.0"
    "@ethersproject/random" "^5.4.0"
    "@ethersproject/signing-key" "^5.4.0"
    "@ethersproject/transactions" "^5.4.0"
    "@ethersproject/wordlists" "^5.4.0"

"@ethersproject/web@5.4.0", "@ethersproject/web@^5.4.0":
  version "5.4.0"
  resolved "https://registry.yarnpkg.com/@ethersproject/web/-/web-5.4.0.tgz#49fac173b96992334ed36a175538ba07a7413d1f"
  integrity sha512-1bUusGmcoRLYgMn6c1BLk1tOKUIFuTg8j+6N8lYlbMpDesnle+i3pGSagGNvwjaiLo4Y5gBibwctpPRmjrh4Og==
  dependencies:
    "@ethersproject/base64" "^5.4.0"
    "@ethersproject/bytes" "^5.4.0"
    "@ethersproject/logger" "^5.4.0"
    "@ethersproject/properties" "^5.4.0"
    "@ethersproject/strings" "^5.4.0"

"@ethersproject/wordlists@5.4.0", "@ethersproject/wordlists@^5.4.0":
  version "5.4.0"
  resolved "https://registry.yarnpkg.com/@ethersproject/wordlists/-/wordlists-5.4.0.tgz#f34205ec3bbc9e2c49cadaee774cf0b07e7573d7"
  integrity sha512-FemEkf6a+EBKEPxlzeVgUaVSodU7G0Na89jqKjmWMlDB0tomoU8RlEMgUvXyqtrg8N4cwpLh8nyRnm1Nay1isA==
  dependencies:
    "@ethersproject/bytes" "^5.4.0"
    "@ethersproject/hash" "^5.4.0"
    "@ethersproject/logger" "^5.4.0"
    "@ethersproject/properties" "^5.4.0"
    "@ethersproject/strings" "^5.4.0"

"@types/bn.js@^5.1.0":
  version "5.1.0"
  resolved "https://registry.yarnpkg.com/@types/bn.js/-/bn.js-5.1.0.tgz#32c5d271503a12653c62cf4d2b45e6eab8cebc68"
  integrity sha512-QSSVYj7pYFN49kW77o2s9xTCwZ8F2xLbjLLSEVh8D2F4JUhZtPAGOFLTD+ffqksBx/u4cE/KImFjyhqCjn/LIA==
  dependencies:
    "@types/node" "*"

"@types/node@*":
  version "16.6.0"
  resolved "https://registry.yarnpkg.com/@types/node/-/node-16.6.0.tgz#0d5685f85066f94e97f19e8a67fe003c5fadacc4"
  integrity sha512-OyiZPohMMjZEYqcVo/UJ04GyAxXOJEZO/FpzyXxcH4r/ArrVoXHf4MbUrkLp0Tz7/p1mMKpo5zJ6ZHl8XBNthQ==

"@types/pbkdf2@^3.0.0":
  version "3.1.0"
  resolved "https://registry.yarnpkg.com/@types/pbkdf2/-/pbkdf2-3.1.0.tgz#039a0e9b67da0cdc4ee5dab865caa6b267bb66b1"
  integrity sha512-Cf63Rv7jCQ0LaL8tNXmEyqTHuIJxRdlS5vMh1mj5voN4+QFhVZnlZruezqpWYDiJ8UTzhP0VmeLXCmBk66YrMQ==
  dependencies:
    "@types/node" "*"

"@types/secp256k1@^4.0.1":
  version "4.0.3"
  resolved "https://registry.yarnpkg.com/@types/secp256k1/-/secp256k1-4.0.3.tgz#1b8e55d8e00f08ee7220b4d59a6abe89c37a901c"
  integrity sha512-Da66lEIFeIz9ltsdMZcpQvmrmmoqrfju8pm1BH8WbYjZSwUgCwXLb9C+9XYogwBITnbsSaMdVPb2ekf7TV+03w==
  dependencies:
    "@types/node" "*"

aes-js@3.0.0:
  version "3.0.0"
  resolved "https://registry.yarnpkg.com/aes-js/-/aes-js-3.0.0.tgz#e21df10ad6c2053295bcbb8dab40b09dbea87e4d"
  integrity sha1-4h3xCtbCBTKVvLuNq0Cwnb6ofk0=

base-x@^3.0.2:
  version "3.0.8"
  resolved "https://registry.yarnpkg.com/base-x/-/base-x-3.0.8.tgz#1e1106c2537f0162e8b52474a557ebb09000018d"
  integrity sha512-Rl/1AWP4J/zRrk54hhlxH4drNxPJXYUaKffODVI53/dAsV4t9fBxyxYKAVPU1XBHxYwOWP9h9H0hM2MVw4YfJA==
  dependencies:
    safe-buffer "^5.0.1"

bech32@1.1.4:
  version "1.1.4"
  resolved "https://registry.yarnpkg.com/bech32/-/bech32-1.1.4.tgz#e38c9f37bf179b8eb16ae3a772b40c356d4832e9"
  integrity sha512-s0IrSOzLlbvX7yp4WBfPITzpAU8sqQcpsmwXDiKwrG4r491vwCO/XpejasRNl0piBMe/DvP4Tz0mIS/X1DPJBQ==

blakejs@^1.1.0:
  version "1.1.1"
  resolved "https://registry.yarnpkg.com/blakejs/-/blakejs-1.1.1.tgz#bf313053978b2cd4c444a48795710be05c785702"
  integrity sha512-bLG6PHOCZJKNshTjGRBvET0vTciwQE6zFKOKKXPDJfwFBd4Ac0yBfPZqcGvGJap50l7ktvlpFqc2jGVaUgbJgg==

bn.js@^4.11.1, bn.js@^4.11.9:
  version "4.12.0"
  resolved "https://registry.yarnpkg.com/bn.js/-/bn.js-4.12.0.tgz#775b3f278efbb9718eec7361f483fb36fbbfea88"
  integrity sha512-c98Bf3tPniI+scsdk237ku1Dc3ujXQTSgyiPUDEOe7tRkhrqridvh8klBv0HCEso1OLOYcHuCv/cS6DNxKH+ZA==

bn.js@^5.1.2:
  version "5.2.0"
  resolved "https://registry.yarnpkg.com/bn.js/-/bn.js-5.2.0.tgz#358860674396c6997771a9d051fcc1b57d4ae002"
  integrity sha512-D7iWRBvnZE8ecXiLj/9wbxH7Tk79fAh8IHaTNq1RWRixsS02W+5qS+iE9yq6RYl0asXx5tw0bLhmT5pIfbSquw==

brorand@^1.1.0:
  version "1.1.0"
  resolved "https://registry.yarnpkg.com/brorand/-/brorand-1.1.0.tgz#12c25efe40a45e3c323eb8675a0a0ce57b22371f"
  integrity sha1-EsJe/kCkXjwyPrhnWgoM5XsiNx8=

browserify-aes@^1.2.0:
  version "1.2.0"
  resolved "https://registry.yarnpkg.com/browserify-aes/-/browserify-aes-1.2.0.tgz#326734642f403dabc3003209853bb70ad428ef48"
  integrity sha512-+7CHXqGuspUn/Sl5aO7Ea0xWGAtETPXNSAjHo48JfLdPWcMng33Xe4znFvQweqc/uzk5zSOI3H52CYnjCfb5hA==
  dependencies:
    buffer-xor "^1.0.3"
    cipher-base "^1.0.0"
    create-hash "^1.1.0"
    evp_bytestokey "^1.0.3"
    inherits "^2.0.1"
    safe-buffer "^5.0.1"

bs58@^4.0.0:
  version "4.0.1"
  resolved "https://registry.yarnpkg.com/bs58/-/bs58-4.0.1.tgz#be161e76c354f6f788ae4071f63f34e8c4f0a42a"
  integrity sha1-vhYedsNU9veIrkBx9j806MTwpCo=
  dependencies:
    base-x "^3.0.2"

bs58check@^2.1.2:
  version "2.1.2"
  resolved "https://registry.yarnpkg.com/bs58check/-/bs58check-2.1.2.tgz#53b018291228d82a5aa08e7d796fdafda54aebfc"
  integrity sha512-0TS1jicxdU09dwJMNZtVAfzPi6Q6QeN0pM1Fkzrjn+XYHvzMKPU3pHVpva+769iNVSfIYWf7LJ6WR+BuuMf8cA==
  dependencies:
    bs58 "^4.0.0"
    create-hash "^1.1.0"
    safe-buffer "^5.1.2"

buffer-xor@^1.0.3:
  version "1.0.3"
  resolved "https://registry.yarnpkg.com/buffer-xor/-/buffer-xor-1.0.3.tgz#26e61ed1422fb70dd42e6e36729ed51d855fe8d9"
  integrity sha1-JuYe0UIvtw3ULm42cp7VHYVf6Nk=

cipher-base@^1.0.0, cipher-base@^1.0.1, cipher-base@^1.0.3:
  version "1.0.4"
  resolved "https://registry.yarnpkg.com/cipher-base/-/cipher-base-1.0.4.tgz#8760e4ecc272f4c363532f926d874aae2c1397de"
  integrity sha512-Kkht5ye6ZGmwv40uUDZztayT2ThLQGfnj/T71N/XzeZeo3nf8foyW7zGTsPYkEya3m5f3cAypH+qe7YOrM1U2Q==
  dependencies:
    inherits "^2.0.1"
    safe-buffer "^5.0.1"

create-hash@^1.1.0, create-hash@^1.1.2, create-hash@^1.2.0:
  version "1.2.0"
  resolved "https://registry.yarnpkg.com/create-hash/-/create-hash-1.2.0.tgz#889078af11a63756bcfb59bd221996be3a9ef196"
  integrity sha512-z00bCGNHDG8mHAkP7CtT1qVu+bFQUPjYq/4Iv3C3kWjTFV10zIjfSoeqXo9Asws8gwSHDGj/hl2u4OGIjapeCg==
  dependencies:
    cipher-base "^1.0.1"
    inherits "^2.0.1"
    md5.js "^1.3.4"
    ripemd160 "^2.0.1"
    sha.js "^2.4.0"

create-hmac@^1.1.4, create-hmac@^1.1.7:
  version "1.1.7"
  resolved "https://registry.yarnpkg.com/create-hmac/-/create-hmac-1.1.7.tgz#69170c78b3ab957147b2b8b04572e47ead2243ff"
  integrity sha512-MJG9liiZ+ogc4TzUwuvbER1JRdgvUFSB5+VR/g5h82fGaIRWMWddtKBHi7/sVhfjQZ6SehlyhvQYrcYkaUIpLg==
  dependencies:
    cipher-base "^1.0.3"
    create-hash "^1.1.0"
    inherits "^2.0.1"
    ripemd160 "^2.0.0"
    safe-buffer "^5.0.1"
    sha.js "^2.4.8"

elliptic@6.5.4, elliptic@^6.5.2:
  version "6.5.4"
  resolved "https://registry.yarnpkg.com/elliptic/-/elliptic-6.5.4.tgz#da37cebd31e79a1367e941b592ed1fbebd58abbb"
  integrity sha512-iLhC6ULemrljPZb+QutR5TQGB+pdW6KGD5RSegS+8sorOZT+rdQFbsQFJgvN3eRqNALqJer4oQ16YvJHlU8hzQ==
  dependencies:
    bn.js "^4.11.9"
    brorand "^1.1.0"
    hash.js "^1.0.0"
    hmac-drbg "^1.0.1"
    inherits "^2.0.4"
    minimalistic-assert "^1.0.1"
    minimalistic-crypto-utils "^1.0.1"

ethereum-cryptography@^0.1.3:
  version "0.1.3"
  resolved "https://registry.yarnpkg.com/ethereum-cryptography/-/ethereum-cryptography-0.1.3.tgz#8d6143cfc3d74bf79bbd8edecdf29e4ae20dd191"
  integrity sha512-w8/4x1SGGzc+tO97TASLja6SLd3fRIK2tLVcV2Gx4IB21hE19atll5Cq9o3d0ZmAYC/8aw0ipieTSiekAea4SQ==
  dependencies:
    "@types/pbkdf2" "^3.0.0"
    "@types/secp256k1" "^4.0.1"
    blakejs "^1.1.0"
    browserify-aes "^1.2.0"
    bs58check "^2.1.2"
    create-hash "^1.2.0"
    create-hmac "^1.1.7"
    hash.js "^1.1.7"
    keccak "^3.0.0"
    pbkdf2 "^3.0.17"
    randombytes "^2.1.0"
    safe-buffer "^5.1.2"
    scrypt-js "^3.0.0"
    secp256k1 "^4.0.1"
    setimmediate "^1.0.5"

ethereumjs-util@^7.1.0:
  version "7.1.0"
  resolved "https://registry.yarnpkg.com/ethereumjs-util/-/ethereumjs-util-7.1.0.tgz#e2b43a30bfcdbcb432a4eb42bd5f2393209b3fd5"
  integrity sha512-kR+vhu++mUDARrsMMhsjjzPduRVAeundLGXucGRHF3B4oEltOUspfgCVco4kckucj3FMlLaZHUl9n7/kdmr6Tw==
  dependencies:
    "@types/bn.js" "^5.1.0"
    bn.js "^5.1.2"
    create-hash "^1.1.2"
    ethereum-cryptography "^0.1.3"
    ethjs-util "0.1.6"
    rlp "^2.2.4"

ethers@^5.4.4:
  version "5.4.4"
  resolved "https://registry.yarnpkg.com/ethers/-/ethers-5.4.4.tgz#35cce530505b84c699da944162195cfb3f894947"
  integrity sha512-zaTs8yaDjfb0Zyj8tT6a+/hEkC+kWAA350MWRp6yP5W7NdGcURRPMOpOU+6GtkfxV9wyJEShWesqhE/TjdqpMA==
  dependencies:
    "@ethersproject/abi" "5.4.0"
    "@ethersproject/abstract-provider" "5.4.1"
    "@ethersproject/abstract-signer" "5.4.1"
    "@ethersproject/address" "5.4.0"
    "@ethersproject/base64" "5.4.0"
    "@ethersproject/basex" "5.4.0"
    "@ethersproject/bignumber" "5.4.1"
    "@ethersproject/bytes" "5.4.0"
    "@ethersproject/constants" "5.4.0"
    "@ethersproject/contracts" "5.4.1"
    "@ethersproject/hash" "5.4.0"
    "@ethersproject/hdnode" "5.4.0"
    "@ethersproject/json-wallets" "5.4.0"
    "@ethersproject/keccak256" "5.4.0"
    "@ethersproject/logger" "5.4.0"
    "@ethersproject/networks" "5.4.2"
    "@ethersproject/pbkdf2" "5.4.0"
    "@ethersproject/properties" "5.4.0"
    "@ethersproject/providers" "5.4.3"
    "@ethersproject/random" "5.4.0"
    "@ethersproject/rlp" "5.4.0"
    "@ethersproject/sha2" "5.4.0"
    "@ethersproject/signing-key" "5.4.0"
    "@ethersproject/solidity" "5.4.0"
    "@ethersproject/strings" "5.4.0"
    "@ethersproject/transactions" "5.4.0"
    "@ethersproject/units" "5.4.0"
    "@ethersproject/wallet" "5.4.0"
    "@ethersproject/web" "5.4.0"
    "@ethersproject/wordlists" "5.4.0"

ethjs-util@0.1.6:
  version "0.1.6"
  resolved "https://registry.yarnpkg.com/ethjs-util/-/ethjs-util-0.1.6.tgz#f308b62f185f9fe6237132fb2a9818866a5cd536"
  integrity sha512-CUnVOQq7gSpDHZVVrQW8ExxUETWrnrvXYvYz55wOU8Uj4VCgw56XC2B/fVqQN+f7gmrnRHSLVnFAwsCuNwji8w==
  dependencies:
    is-hex-prefixed "1.0.0"
    strip-hex-prefix "1.0.0"

evp_bytestokey@^1.0.3:
  version "1.0.3"
  resolved "https://registry.yarnpkg.com/evp_bytestokey/-/evp_bytestokey-1.0.3.tgz#7fcbdb198dc71959432efe13842684e0525acb02"
  integrity sha512-/f2Go4TognH/KvCISP7OUsHn85hT9nUkxxA9BEWxFn+Oj9o8ZNLm/40hdlgSLyuOimsrTKLUMEorQexp/aPQeA==
  dependencies:
    md5.js "^1.3.4"
    safe-buffer "^5.1.1"

hash-base@^3.0.0:
  version "3.1.0"
  resolved "https://registry.yarnpkg.com/hash-base/-/hash-base-3.1.0.tgz#55c381d9e06e1d2997a883b4a3fddfe7f0d3af33"
  integrity sha512-1nmYp/rhMDiE7AYkDw+lLwlAzz0AntGIe51F3RfFfEqyQ3feY2eI/NcwC6umIQVOASPMsWJLJScWKSSvzL9IVA==
  dependencies:
    inherits "^2.0.4"
    readable-stream "^3.6.0"
    safe-buffer "^5.2.0"

hash.js@1.1.7, hash.js@^1.0.0, hash.js@^1.0.3, hash.js@^1.1.7:
  version "1.1.7"
  resolved "https://registry.yarnpkg.com/hash.js/-/hash.js-1.1.7.tgz#0babca538e8d4ee4a0f8988d68866537a003cf42"
  integrity sha512-taOaskGt4z4SOANNseOviYDvjEJinIkRgmp7LbKP2YTTmVxWBl87s/uzK9r+44BclBSp2X7K1hqeNfz9JbBeXA==
  dependencies:
    inherits "^2.0.3"
    minimalistic-assert "^1.0.1"

hmac-drbg@^1.0.1:
  version "1.0.1"
  resolved "https://registry.yarnpkg.com/hmac-drbg/-/hmac-drbg-1.0.1.tgz#d2745701025a6c775a6c545793ed502fc0c649a1"
  integrity sha1-0nRXAQJabHdabFRXk+1QL8DGSaE=
  dependencies:
    hash.js "^1.0.3"
    minimalistic-assert "^1.0.0"
    minimalistic-crypto-utils "^1.0.1"

inherits@^2.0.1, inherits@^2.0.3, inherits@^2.0.4:
  version "2.0.4"
  resolved "https://registry.yarnpkg.com/inherits/-/inherits-2.0.4.tgz#0fa2c64f932917c3433a0ded55363aae37416b7c"
  integrity sha512-k/vGaX4/Yla3WzyMCvTQOXYeIHvqOKtnqBduzTHpzpQZzAskKMhZ2K+EnBiSM9zGSoIFeMpXKxa4dYeZIQqewQ==

is-hex-prefixed@1.0.0:
  version "1.0.0"
  resolved "https://registry.yarnpkg.com/is-hex-prefixed/-/is-hex-prefixed-1.0.0.tgz#7d8d37e6ad77e5d127148913c573e082d777f554"
  integrity sha1-fY035q135dEnFIkTxXPggtd39VQ=

js-sha3@0.5.7:
  version "0.5.7"
  resolved "https://registry.yarnpkg.com/js-sha3/-/js-sha3-0.5.7.tgz#0d4ffd8002d5333aabaf4a23eed2f6374c9f28e7"
  integrity sha1-DU/9gALVMzqrr0oj7tL2N0yfKOc=

keccak@^3.0.0:
  version "3.0.1"
  resolved "https://registry.yarnpkg.com/keccak/-/keccak-3.0.1.tgz#ae30a0e94dbe43414f741375cff6d64c8bea0bff"
  integrity sha512-epq90L9jlFWCW7+pQa6JOnKn2Xgl2mtI664seYR6MHskvI9agt7AnDqmAlp9TqU4/caMYbA08Hi5DMZAl5zdkA==
  dependencies:
    node-addon-api "^2.0.0"
    node-gyp-build "^4.2.0"

md5.js@^1.3.4:
  version "1.3.5"
  resolved "https://registry.yarnpkg.com/md5.js/-/md5.js-1.3.5.tgz#b5d07b8e3216e3e27cd728d72f70d1e6a342005f"
  integrity sha512-xitP+WxNPcTTOgnTJcrhM0xvdPepipPSf3I8EIpGKeFLjt3PlJLIDG3u8EX53ZIubkb+5U2+3rELYpEhHhzdkg==
  dependencies:
    hash-base "^3.0.0"
    inherits "^2.0.1"
    safe-buffer "^5.1.2"

minimalistic-assert@^1.0.0, minimalistic-assert@^1.0.1:
  version "1.0.1"
  resolved "https://registry.yarnpkg.com/minimalistic-assert/-/minimalistic-assert-1.0.1.tgz#2e194de044626d4a10e7f7fbc00ce73e83e4d5c7"
  integrity sha512-UtJcAD4yEaGtjPezWuO9wC4nwUnVH/8/Im3yEHQP4b67cXlD/Qr9hdITCU1xDbSEXg2XKNaP8jsReV7vQd00/A==

minimalistic-crypto-utils@^1.0.1:
  version "1.0.1"
  resolved "https://registry.yarnpkg.com/minimalistic-crypto-utils/-/minimalistic-crypto-utils-1.0.1.tgz#f6c00c1c0b082246e5c4d99dfb8c7c083b2b582a"
  integrity sha1-9sAMHAsIIkblxNmd+4x8CDsrWCo=

node-addon-api@^2.0.0:
  version "2.0.2"
  resolved "https://registry.yarnpkg.com/node-addon-api/-/node-addon-api-2.0.2.tgz#432cfa82962ce494b132e9d72a15b29f71ff5d32"
  integrity sha512-Ntyt4AIXyaLIuMHF6IOoTakB3K+RWxwtsHNRxllEoA6vPwP9o4866g6YWDLUdnucilZhmkxiHwHr11gAENw+QA==

node-gyp-build@^4.2.0:
  version "4.2.3"
  resolved "https://registry.yarnpkg.com/node-gyp-build/-/node-gyp-build-4.2.3.tgz#ce6277f853835f718829efb47db20f3e4d9c4739"
  integrity sha512-MN6ZpzmfNCRM+3t57PTJHgHyw/h4OWnZ6mR8P5j/uZtqQr46RRuDE/P+g3n0YR/AiYXeWixZZzaip77gdICfRg==

pbkdf2@^3.0.17:
  version "3.1.2"
  resolved "https://registry.yarnpkg.com/pbkdf2/-/pbkdf2-3.1.2.tgz#dd822aa0887580e52f1a039dc3eda108efae3075"
  integrity sha512-iuh7L6jA7JEGu2WxDwtQP1ddOpaJNC4KlDEFfdQajSGgGPNi4OyDc2R7QnbY2bR9QjBVGwgvTdNJZoE7RaxUMA==
  dependencies:
    create-hash "^1.1.2"
    create-hmac "^1.1.4"
    ripemd160 "^2.0.1"
    safe-buffer "^5.0.1"
    sha.js "^2.4.8"

randombytes@^2.1.0:
  version "2.1.0"
  resolved "https://registry.yarnpkg.com/randombytes/-/randombytes-2.1.0.tgz#df6f84372f0270dc65cdf6291349ab7a473d4f2a"
  integrity sha512-vYl3iOX+4CKUWuxGi9Ukhie6fsqXqS9FE2Zaic4tNFD2N2QQaXOMFbuKK4QmDHC0JO6B1Zp41J0LpT0oR68amQ==
  dependencies:
    safe-buffer "^5.1.0"

readable-stream@^3.6.0:
  version "3.6.0"
  resolved "https://registry.yarnpkg.com/readable-stream/-/readable-stream-3.6.0.tgz#337bbda3adc0706bd3e024426a286d4b4b2c9198"
  integrity sha512-BViHy7LKeTz4oNnkcLJ+lVSL6vpiFeX6/d3oSH8zCW7UxP2onchk+vTGB143xuFjHS3deTgkKoXXymXqymiIdA==
  dependencies:
    inherits "^2.0.3"
    string_decoder "^1.1.1"
    util-deprecate "^1.0.1"

ripemd160@^2.0.0, ripemd160@^2.0.1:
  version "2.0.2"
  resolved "https://registry.yarnpkg.com/ripemd160/-/ripemd160-2.0.2.tgz#a1c1a6f624751577ba5d07914cbc92850585890c"
  integrity sha512-ii4iagi25WusVoiC4B4lq7pbXfAp3D9v5CwfkY33vffw2+pkDjY1D8GaN7spsxvCSx8dkPqOZCEZyfxcmJG2IA==
  dependencies:
    hash-base "^3.0.0"
    inherits "^2.0.1"

rlp@^2.2.4:
  version "2.2.6"
  resolved "https://registry.yarnpkg.com/rlp/-/rlp-2.2.6.tgz#c80ba6266ac7a483ef1e69e8e2f056656de2fb2c"
  integrity sha512-HAfAmL6SDYNWPUOJNrM500x4Thn4PZsEy5pijPh40U9WfNk0z15hUYzO9xVIMAdIHdFtD8CBDHd75Td1g36Mjg==
  dependencies:
    bn.js "^4.11.1"

safe-buffer@^5.0.1, safe-buffer@^5.1.0, safe-buffer@^5.1.1, safe-buffer@^5.1.2, safe-buffer@^5.2.0, safe-buffer@~5.2.0:
  version "5.2.1"
  resolved "https://registry.yarnpkg.com/safe-buffer/-/safe-buffer-5.2.1.tgz#1eaf9fa9bdb1fdd4ec75f58f9cdb4e6b7827eec6"
  integrity sha512-rp3So07KcdmmKbGvgaNxQSJr7bGVSVk5S9Eq1F+ppbRo70+YeaDxkw5Dd8NPN+GD6bjnYm2VuPuCXmpuYvmCXQ==

scrypt-js@3.0.1, scrypt-js@^3.0.0:
  version "3.0.1"
  resolved "https://registry.yarnpkg.com/scrypt-js/-/scrypt-js-3.0.1.tgz#d314a57c2aef69d1ad98a138a21fe9eafa9ee312"
  integrity sha512-cdwTTnqPu0Hyvf5in5asVdZocVDTNRmR7XEcJuIzMjJeSHybHl7vpB66AzwTaIg6CLSbtjcxc8fqcySfnTkccA==

secp256k1@^4.0.1:
  version "4.0.2"
  resolved "https://registry.yarnpkg.com/secp256k1/-/secp256k1-4.0.2.tgz#15dd57d0f0b9fdb54ac1fa1694f40e5e9a54f4a1"
  integrity sha512-UDar4sKvWAksIlfX3xIaQReADn+WFnHvbVujpcbr+9Sf/69odMwy2MUsz5CKLQgX9nsIyrjuxL2imVyoNHa3fg==
  dependencies:
    elliptic "^6.5.2"
    node-addon-api "^2.0.0"
    node-gyp-build "^4.2.0"

setimmediate@^1.0.5:
  version "1.0.5"
  resolved "https://registry.yarnpkg.com/setimmediate/-/setimmediate-1.0.5.tgz#290cbb232e306942d7d7ea9b83732ab7856f8285"
  integrity sha1-KQy7Iy4waULX1+qbg3Mqt4VvgoU=

sha.js@^2.4.0, sha.js@^2.4.8:
  version "2.4.11"
  resolved "https://registry.yarnpkg.com/sha.js/-/sha.js-2.4.11.tgz#37a5cf0b81ecbc6943de109ba2960d1b26584ae7"
  integrity sha512-QMEp5B7cftE7APOjk5Y6xgrbWu+WkLVQwk8JNjZ8nKRciZaByEW6MubieAiToS7+dwvrjGhH8jRXz3MVd0AYqQ==
  dependencies:
    inherits "^2.0.1"
    safe-buffer "^5.0.1"

string_decoder@^1.1.1:
  version "1.3.0"
  resolved "https://registry.yarnpkg.com/string_decoder/-/string_decoder-1.3.0.tgz#42f114594a46cf1a8e30b0a84f56c78c3edac21e"
  integrity sha512-hkRX8U1WjJFd8LsDJ2yQ/wWWxaopEsABU1XfkM8A+j0+85JAGppt16cr1Whg6KIbb4okU6Mql6BOj+uup/wKeA==
  dependencies:
    safe-buffer "~5.2.0"

strip-hex-prefix@1.0.0:
  version "1.0.0"
  resolved "https://registry.yarnpkg.com/strip-hex-prefix/-/strip-hex-prefix-1.0.0.tgz#0c5f155fef1151373377de9dbb588da05500e36f"
  integrity sha1-DF8VX+8RUTczd96du1iNoFUA428=
  dependencies:
    is-hex-prefixed "1.0.0"

util-deprecate@^1.0.1:
  version "1.0.2"
  resolved "https://registry.yarnpkg.com/util-deprecate/-/util-deprecate-1.0.2.tgz#450d4dc9fa70de732762fbd2d4a28981419a0ccf"
  integrity sha1-RQ1Nyfpw3nMnYvvS1KKJgUGaDM8=

ws@7.4.6:
  version "7.4.6"
  resolved "https://registry.yarnpkg.com/ws/-/ws-7.4.6.tgz#5654ca8ecdeee47c33a9a4bf6d28e2be2980377c"
  integrity sha512-YmhHDO4MzaDLB+M9ym/mDA5z0naX8j7SIlT8f8z+I0VtzsRbekxEutHSme7NPS2qE8StCYQNUnfWdXta/Yu85A==
